
Microsoft Visual Studio Solution File, Format Version 12.00
# Visual Studio Version 17
VisualStudioVersion = 17.9.34622.214
MinimumVisualStudioVersion = 10.0.40219.1
Project("{9A19103F-16F7-4668-BE54-9A1E7A4F7556}") = "DegreePlan", "DegreePlan.csproj", "{1E147922-8BDD-47F4-A3F8-DBBE5B92B732}"
EndProject
Project("{2150E333-8FDC-42A3-9474-1A3956D46DE8}") = "SolutionItems", "SolutionItems", "{4BA88DAE-1D0F-43D6-ACB6-C285BAFB5643}"
	ProjectSection(SolutionItems) = preProject
		..\MobileWireFrame.docx = ..\MobileWireFrame.docx
	EndProjectSection
EndProject
Global
	GlobalSection(SolutionConfigurationPlatforms) = preSolution
		Debug|Any CPU = Debug|Any CPU
		Release|Any CPU = Release|Any CPU
	EndGlobalSection
	GlobalSection(ProjectConfigurationPlatforms) = postSolution
		{1E147922-8BDD-47F4-A3F8-DBBE5B92B732}.Debug|Any CPU.ActiveCfg = Debug|Any CPU
		{1E147922-8BDD-47F4-A3F8-DBBE5B92B732}.Debug|Any CPU.Build.0 = Debug|Any CPU
		{1E147922-8BDD-47F4-A3F8-DBBE5B92B732}.Debug|Any CPU.Deploy.0 = Debug|Any CPU
		{1E147922-8BDD-47F4-A3F8-DBBE5B92B732}.Release|Any CPU.ActiveCfg = Release|Any CPU
		{1E147922-8BDD-47F4-A3F8-DBBE5B92B732}.Release|Any CPU.Build.0 = Release|Any CPU
		{1E147922-8BDD-47F4-A3F8-DBBE5B92B732}.Release|Any CPU.Deploy.0 = Release|Any CPU
	EndGlobalSection
	GlobalSection(SolutionProperties) = preSolution
		HideSolutionNode = FALSE
	EndGlobalSection
	GlobalSection(ExtensibilityGlobals) = postSolution
		SolutionGuid = {F049A767-DFB8-4DB6-8979-BB6AB05397F4}
	EndGlobalSection
EndGlobal
